PODS:
  - Flutter (1.0.0)
  - gaimon (0.0.1):
    - Flutter

DEPENDENCIES:
  - Flutter (from `Flutter`)
  - gaimon (from `.symlinks/plugins/gaimon/ios`)

EXTERNAL SOURCES:
  Flutter:
    :path: Flutter
  gaimon:
    :path: ".symlinks/plugins/gaimon/ios"

SPEC CHECKSUMS:
  Flutter: cabc95a1d2626b1b06e7179b784ebcf0c0cde467
  gaimon: 266fec2cd27726df54a6694c14fc9e3f2a415c33

PODFILE CHECKSUM: 3c63482e143d1b91d2d2560aee9fb04ecc74ac7e

COCOAPODS: 1.16.2
